PODS:
  - Alamofire (4.8.1)
  - GoogleMaps (3.0.3):
    - GoogleMaps/Maps (= 3.0.3)
  - GoogleMaps/Base (3.0.3)
  - GoogleMaps/Maps (3.0.3):
    - GoogleMaps/Base
  - GooglePlaces (3.0.3):
    - GoogleMaps/Base (= 3.0.3)
  - MTSlideToOpen (1.2.1)
  - SwiftLint (0.30.1)
  - SwiftyJSON (4.2.0)

DEPENDENCIES:
  - Alamofire
  - GoogleMaps
  - GooglePlaces
  - MTSlideToOpen
  - SwiftLint
  - SwiftyJSON (~> 4.0)

SPEC REPOS:
  https://github.com/cocoapods/specs.git:
    - Alamofire
    - GoogleMaps
    - GooglePlaces
    - MTSlideToOpen
    - SwiftLint
    - SwiftyJSON

SPEC CHECKSUMS:
  Alamofire: 16ce2c353fb72865124ddae8a57c5942388f4f11
  GoogleMaps: fd5c9fa58871781b9fb94d4936f19c69fe60ce32
  GooglePlaces: f09e76993c9c3ee4af8f4f7f535bb94d6aa3b649
  MTSlideToOpen: 66d68b2acf888beae7ebfda50e97fbdb26ddb0f6
  SwiftLint: a54bf1fe12b55c68560eb2a7689dfc81458508f7
  SwiftyJSON: c4bcba26dd9ec7a027fc8eade48e2c911f229e96

PODFILE CHECKSUM: a9ad911c537979923e8c805ae7b5c0cb684b0f54

COCOAPODS: 1.6.0
